
Microsoft Visual Studio Solution File, Format Version 12.00
# Visual Studio 15
Project("{FAE04EC0-301F-11D3-BF4B-00C04F79EFBC}") = "Assembly-CSharp", "Assembly-CSharp.csproj", "{0B1AB24D-8C1B-AA3E-8ABA-2CA49E0105AD}"
EndProject
Project("{FAE04EC0-301F-11D3-BF4B-00C04F79EFBC}") = "NavMeshPlusEditor", "NavMeshPlusEditor.csproj", "{44B3FBE8-AEF9-10F3-1F15-C7DB0548AB40}"
EndProject
Project("{FAE04EC0-301F-11D3-BF4B-00C04F79EFBC}") = "NavMeshPlus", "NavMeshPlus.csproj", "{0C42576D-28E0-6CA7-0F54-4F1C7B238421}"
EndProject
Global
	GlobalSection(SolutionConfigurationPlatforms) = preSolution
		Debug|Any CPU = Debug|Any CPU
		Release|Any CPU = Release|Any CPU
	EndGlobalSection
	GlobalSection(ProjectConfigurationPlatforms) = postSolution
		{0B1AB24D-8C1B-AA3E-8ABA-2CA49E0105AD}.Debug|Any CPU.ActiveCfg = Debug|Any CPU
		{0B1AB24D-8C1B-AA3E-8ABA-2CA49E0105AD}.Debug|Any CPU.Build.0 = Debug|Any CPU
		{0B1AB24D-8C1B-AA3E-8ABA-2CA49E0105AD}.Release|Any CPU.ActiveCfg = Release|Any CPU
		{0B1AB24D-8C1B-AA3E-8ABA-2CA49E0105AD}.Release|Any CPU.Build.0 = Release|Any CPU
		{44B3FBE8-AEF9-10F3-1F15-C7DB0548AB40}.Debug|Any CPU.ActiveCfg = Debug|Any CPU
		{44B3FBE8-AEF9-10F3-1F15-C7DB0548AB40}.Debug|Any CPU.Build.0 = Debug|Any CPU
		{44B3FBE8-AEF9-10F3-1F15-C7DB0548AB40}.Release|Any CPU.ActiveCfg = Release|Any CPU
		{44B3FBE8-AEF9-10F3-1F15-C7DB0548AB40}.Release|Any CPU.Build.0 = Release|Any CPU
		{0C42576D-28E0-6CA7-0F54-4F1C7B238421}.Debug|Any CPU.ActiveCfg = Debug|Any CPU
		{0C42576D-28E0-6CA7-0F54-4F1C7B238421}.Debug|Any CPU.Build.0 = Debug|Any CPU
		{0C42576D-28E0-6CA7-0F54-4F1C7B238421}.Release|Any CPU.ActiveCfg = Release|Any CPU
		{0C42576D-28E0-6CA7-0F54-4F1C7B238421}.Release|Any CPU.Build.0 = Release|Any CPU
	EndGlobalSection
	GlobalSection(SolutionProperties) = preSolution
		HideSolutionNode = FALSE
	EndGlobalSection
EndGlobal
